Microsoft Visual Studio Solution File, Format Version 12.00
# Visual Studio Version 17
VisualStudioVersion = 17.5.2.0
MinimumVisualStudioVersion = 10.0.40219.1
Project("{FAE04EC0-301F-11D3-BF4B-00C04F79EFBC}") = "Extractor", "Extractor\Extractor.csproj", "{AB6A9952-3184-24A1-3B6F-CE10F1A537C1}"
EndProject
Global
	GlobalSection(SolutionConfigurationPlatforms) = preSolution
		Debug|Any CPU = Debug|Any CPU
		Release|Any CPU = Release|Any CPU
	EndGlobalSection
	GlobalSection(ProjectConfigurationPlatforms) = postSolution
		{AB6A9952-3184-24A1-3B6F-CE10F1A537C1}.Debug|Any CPU.ActiveCfg = Debug|Any CPU
		{AB6A9952-3184-24A1-3B6F-CE10F1A537C1}.Debug|Any CPU.Build.0 = Debug|Any CPU
		{AB6A9952-3184-24A1-3B6F-CE10F1A537C1}.Release|Any CPU.ActiveCfg = Release|Any CPU
		{AB6A9952-3184-24A1-3B6F-CE10F1A537C1}.Release|Any CPU.Build.0 = Release|Any CPU
	EndGlobalSection
	GlobalSection(SolutionProperties) = preSolution
		HideSolutionNode = FALSE
	EndGlobalSection
	GlobalSection(ExtensibilityGlobals) = postSolution
		SolutionGuid = {2B6BB8B6-DFA5-42A8-A23D-F4BFD4871A4A}
	EndGlobalSection
EndGlobal
